// !$*UTF8*$!
{
	archiveVersion = 1;
	classes = {
	};
	objectVersion = 50;
	objects = {

/* Begin PBXBuildFile section */
		7D4AD29D25CAC32F0032DF59 /* MTAuthorizationViewController.swift in Sources */ = {isa = PBXBuildFile; fileRef = 7D4AD29C25CAC32F0032DF59 /* MTAuthorizationViewController.swift */; };
		7D4AD2AA25CAD8BA0032DF59 /* MTSignUpButton.swift in Sources */ = {isa = PBXBuildFile; fileRef = 7D4AD2A925CAD8BA0032DF59 /* MTSignUpButton.swift */; };
		7D4AD2B025CAE75D0032DF59 /* MTGreetingVCImageView.swift in Sources */ = {isa = PBXBuildFile; fileRef = 7D4AD2AF25CAE75D0032DF59 /* MTGreetingVCImageView.swift */; };
		7DC1AF2B25C9D4CF00E099A0 /* AppDelegate.swift in Sources */ = {isa = PBXBuildFile; fileRef = 7DC1AF2A25C9D4CF00E099A0 /* AppDelegate.swift */; };
		7DC1AF2D25C9D4CF00E099A0 /* SceneDelegate.swift in Sources */ = {isa = PBXBuildFile; fileRef = 7DC1AF2C25C9D4CF00E099A0 /* SceneDelegate.swift */; };
		7DC1AF2F25C9D4CF00E099A0 /* MTGreetingViewController.swift in Sources */ = {isa = PBXBuildFile; fileRef = 7DC1AF2E25C9D4CF00E099A0 /* MTGreetingViewController.swift */; };
		7DC1AF3225C9D4CF00E099A0 /* Main.storyboard in Resources */ = {isa = PBXBuildFile; fileRef = 7DC1AF3025C9D4CF00E099A0 /* Main.storyboard */; };
		7DC1AF3425C9D4CF00E099A0 /* Assets.xcassets in Resources */ = {isa = PBXBuildFile; fileRef = 7DC1AF3325C9D4CF00E099A0 /* Assets.xcassets */; };
		7DC1AF3725C9D4CF00E099A0 /* LaunchScreen.storyboard in Resources */ = {isa = PBXBuildFile; fileRef = 7DC1AF3525C9D4CF00E099A0 /* LaunchScreen.storyboard */; };
/* End PBXBuildFile section */

/* Begin PBXFileReference section */
		7D4AD29C25CAC32F0032DF59 /* MTAuthorizationViewController.swift */ = {isa = PBXFileReference; lastKnownFileType = sourcecode.swift; path = MTAuthorizationViewController.swift; sourceTree = "<group>"; };
		7D4AD2A925CAD8BA0032DF59 /* MTSignUpButton.swift */ = {isa = PBXFileReference; lastKnownFileType = sourcecode.swift; path = MTSignUpButton.swift; sourceTree = "<group>"; };
		7D4AD2AF25CAE75D0032DF59 /* MTGreetingVCImageView.swift */ = {isa = PBXFileReference; lastKnownFileType = sourcecode.swift; path = MTGreetingVCImageView.swift; sourceTree = "<group>"; };
		7DC1AF2725C9D4CF00E099A0 /* MoneyTrackingApplication.app */ = {isa = PBXFileReference; explicitFileType = wrapper.application; includeInIndex = 0; path = MoneyTrackingApplication.app; sourceTree = BUILT_PRODUCTS_DIR; };
		7DC1AF2A25C9D4CF00E099A0 /* AppDelegate.swift */ = {isa = PBXFileReference; lastKnownFileType = sourcecode.swift; path = AppDelegate.swift; sourceTree = "<group>"; };
		7DC1AF2C25C9D4CF00E099A0 /* SceneDelegate.swift */ = {isa = PBXFileReference; lastKnownFileType = sourcecode.swift; path = SceneDelegate.swift; sourceTree = "<group>"; };
		7DC1AF2E25C9D4CF00E099A0 /* MTGreetingViewController.swift */ = {isa = PBXFileReference; lastKnownFileType = sourcecode.swift; path = MTGreetingViewController.swift; sourceTree = "<group>"; };
		7DC1AF3125C9D4CF00E099A0 /* Base */ = {isa = PBXFileReference; lastKnownFileType = file.storyboard; name = Base; path = Base.lproj/Main.storyboard; sourceTree = "<group>"; };
		7DC1AF3325C9D4CF00E099A0 /* Assets.xcassets */ = {isa = PBXFileReference; lastKnownFileType = folder.assetcatalog; path = Assets.xcassets; sourceTree = "<group>"; };
		7DC1AF3625C9D4CF00E099A0 /* Base */ = {isa = PBXFileReference; lastKnownFileType = file.storyboard; name = Base; path = Base.lproj/LaunchScreen.storyboard; sourceTree = "<group>"; };
		7DC1AF3825C9D4CF00E099A0 /* Info.plist */ = {isa = PBXFileReference; lastKnownFileType = text.plist.xml; path = Info.plist; sourceTree = "<group>"; };
/* End PBXFileReference section */

/* Begin PBXFrameworksBuildPhase section */
		7DC1AF2425C9D4CE00E099A0 /* Frameworks */ = {
			isa = PBXFrameworksBuildPhase;
			buildActionMask = 2147483647;
			files = (
			);
			runOnlyForDeploymentPostprocessing = 0;
		};
/* End PBXFrameworksBuildPhase section */

/* Begin PBXGroup section */
		7D4AD2A725CAD8830032DF59 /* Views */ = {
			isa = PBXGroup;
			children = (
				7D4AD2AF25CAE75D0032DF59 /* MTGreetingVCImageView.swift */,
			);
			path = Views;
			sourceTree = "<group>";
		};
		7D4AD2A825CAD88B0032DF59 /* Controls */ = {
			isa = PBXGroup;
			children = (
				7D4AD2A925CAD8BA0032DF59 /* MTSignUpButton.swift */,
			);
			path = Controls;
			sourceTree = "<group>";
		};
		7DC1AF1E25C9D4CE00E099A0 = {
			isa = PBXGroup;
			children = (
				7DC1AF2925C9D4CF00E099A0 /* MoneyTrackingApplication */,
				7DC1AF2825C9D4CF00E099A0 /* Products */,
			);
			sourceTree = "<group>";
		};
		7DC1AF2825C9D4CF00E099A0 /* Products */ = {
			isa = PBXGroup;
			children = (
				7DC1AF2725C9D4CF00E099A0 /* MoneyTrackingApplication.app */,
			);
			name = Products;
			sourceTree = "<group>";
		};
		7DC1AF2925C9D4CF00E099A0 /* MoneyTrackingApplication */ = {
			isa = PBXGroup;
			children = (
				7DC1AF2A25C9D4CF00E099A0 /* AppDelegate.swift */,
				7DC1AF2C25C9D4CF00E099A0 /* SceneDelegate.swift */,
				7DC1AF3F25C9D4F800E099A0 /* ViewControllers */,
				7D4AD2A725CAD8830032DF59 /* Views */,
				7D4AD2A825CAD88B0032DF59 /* Controls */,
				7DC1AF4125C9D50F00E099A0 /* Storyboards */,
				7DC1AF4225C9D52000E099A0 /* Plists */,
				7DC1AF3325C9D4CF00E099A0 /* Assets.xcassets */,
			);
			path = MoneyTrackingApplication;
			sourceTree = "<group>";
		};
		7DC1AF3F25C9D4F800E099A0 /* ViewControllers */ = {
			isa = PBXGroup;
			children = (
				7DC1AF2E25C9D4CF00E099A0 /* MTGreetingViewController.swift */,
				7D4AD29C25CAC32F0032DF59 /* MTAuthorizationViewController.swift */,
			);
			path = ViewControllers;
			sourceTree = "<group>";
		};
		7DC1AF4125C9D50F00E099A0 /* Storyboards */ = {
			isa = PBXGroup;
			children = (
				7DC1AF3525C9D4CF00E099A0 /* LaunchScreen.storyboard */,
				7DC1AF3025C9D4CF00E099A0 /* Main.storyboard */,
			);
			path = Storyboards;
			sourceTree = "<group>";
		};
		7DC1AF4225C9D52000E099A0 /* Plists */ = {
			isa = PBXGroup;
			children = (
				7DC1AF3825C9D4CF00E099A0 /* Info.plist */,
			);
			path = Plists;
			sourceTree = "<group>";
		};
/* End PBXGroup section */

/* Begin PBXNativeTarget section */
		7DC1AF2625C9D4CE00E099A0 /* MoneyTrackingApplication */ = {
			isa = PBXNativeTarget;
			buildConfigurationList = 7DC1AF3B25C9D4CF00E099A0 /* Build configuration list for PBXNativeTarget "MoneyTrackingApplication" */;
			buildPhases = (
				7DC1AF2325C9D4CE00E099A0 /* Sources */,
				7DC1AF2425C9D4CE00E099A0 /* Frameworks */,
				7DC1AF2525C9D4CE00E099A0 /* Resources */,
			);
			buildRules = (
			);
			dependencies = (
			);
			name = MoneyTrackingApplication;
			productName = MoneyTrackingApplication;
			productReference = 7DC1AF2725C9D4CF00E099A0 /* MoneyTrackingApplication.app */;
			productType = "com.apple.product-type.application";
		};
/* End PBXNativeTarget section */

/* Begin PBXProject section */
		7DC1AF1F25C9D4CE00E099A0 /* Project object */ = {
			isa = PBXProject;
			attributes = {
				LastSwiftUpdateCheck = 1240;
				LastUpgradeCheck = 1240;
				TargetAttributes = {
					7DC1AF2625C9D4CE00E099A0 = {
						CreatedOnToolsVersion = 12.4;
					};
				};
			};
			buildConfigurationList = 7DC1AF2225C9D4CE00E099A0 /* Build configuration list for PBXProject "MoneyTrackingApplication" */;
			compatibilityVersion = "Xcode 9.3";
			developmentRegion = en;
			hasScannedForEncodings = 0;
			knownRegions = (
				en,
				Base,
			);
			mainGroup = 7DC1AF1E25C9D4CE00E099A0;
			productRefGroup = 7DC1AF2825C9D4CF00E099A0 /* Products */;
			projectDirPath = "";
			projectRoot = "";
			targets = (
				7DC1AF2625C9D4CE00E099A0 /* MoneyTrackingApplication */,
			);
		};
/* End PBXProject section */

/* Begin PBXResourcesBuildPhase section */
		7DC1AF2525C9D4CE00E099A0 /* Resources */ = {
			isa = PBXResourcesBuildPhase;
			buildActionMask = 2147483647;
			files = (
				7DC1AF3725C9D4CF00E099A0 /* LaunchScreen.storyboard in Resources */,
				7DC1AF3425C9D4CF00E099A0 /* Assets.xcassets in Resources */,
				7DC1AF3225C9D4CF00E099A0 /* Main.storyboard in Resources */,
			);
			runOnlyForDeploymentPostprocessing = 0;
		};
/* End PBXResourcesBuildPhase section */

/* Begin PBXSourcesBuildPhase section */
		7DC1AF2325C9D4CE00E099A0 /* Sources */ = {
			isa = PBXSourcesBuildPhase;
			buildActionMask = 2147483647;
			files = (
				7DC1AF2F25C9D4CF00E099A0 /* MTGreetingViewController.swift in Sources */,
				7D4AD2B025CAE75D0032DF59 /* MTGreetingVCImageView.swift in Sources */,
				7DC1AF2B25C9D4CF00E099A0 /* AppDelegate.swift in Sources */,
				7DC1AF2D25C9D4CF00E099A0 /* SceneDelegate.swift in Sources */,
				7D4AD29D25CAC32F0032DF59 /* MTAuthorizationViewController.swift in Sources */,
				7D4AD2AA25CAD8BA0032DF59 /* MTSignUpButton.swift in Sources */,
			);
			runOnlyForDeploymentPostprocessing = 0;
		};
/* End PBXSourcesBuildPhase section */

/* Begin PBXVariantGroup section */
		7DC1AF3025C9D4CF00E099A0 /* Main.storyboard */ = {
			isa = PBXVariantGroup;
			children = (
				7DC1AF3125C9D4CF00E099A0 /* Base */,
			);
			name = Main.storyboard;
			sourceTree = "<group>";
		};
		7DC1AF3525C9D4CF00E099A0 /* LaunchScreen.storyboard */ = {
			isa = PBXVariantGroup;
			children = (
				7DC1AF3625C9D4CF00E099A0 /* Base */,
			);
			name = LaunchScreen.storyboard;
			sourceTree = "<group>";
		};
/* End PBXVariantGroup section */

/* Begin XCBuildConfiguration section */
		7DC1AF3925C9D4CF00E099A0 /* Debug */ = {
			isa = XCBuildConfiguration;
			buildSettings = {
				ALWAYS_SEARCH_USER_PATHS = NO;
				CLANG_ANALYZER_NONNULL = YES;
				CLANG_ANALYZER_NUMBER_OBJECT_CONVERSION = YES_AGGRESSIVE;
				CLANG_CXX_LANGUAGE_STANDARD = "gnu++14";
				CLANG_CXX_LIBRARY = "libc++";
				CLANG_ENABLE_MODULES = YES;
				CLANG_ENABLE_OBJC_ARC = YES;
				CLANG_ENABLE_OBJC_WEAK = YES;
				CLANG_WARN_BLOCK_CAPTURE_AUTORELEASING = YES;
				CLANG_WARN_BOOL_CONVERSION = YES;
				CLANG_WARN_COMMA = YES;
				CLANG_WARN_CONSTANT_CONVERSION = YES;
				CLANG_WARN_DEPRECATED_OBJC_IMPLEMENTATIONS = YES;
				CLANG_WARN_DIRECT_OBJC_ISA_USAGE = YES_ERROR;
				CLANG_WARN_DOCUMENTATION_COMMENTS = YES;
				CLANG_WARN_EMPTY_BODY = YES;
				CLANG_WARN_ENUM_CONVERSION = YES;
				CLANG_WARN_INFINITE_RECURSION = YES;
				CLANG_WARN_INT_CONVERSION = YES;
				CLANG_WARN_NON_LITERAL_NULL_CONVERSION = YES;
				CLANG_WARN_OBJC_IMPLICIT_RETAIN_SELF = YES;
				CLANG_WARN_OBJC_LITERAL_CONVERSION = YES;
				CLANG_WARN_OBJC_ROOT_CLASS = YES_ERROR;
				CLANG_WARN_QUOTED_INCLUDE_IN_FRAMEWORK_HEADER = YES;
				CLANG_WARN_RANGE_LOOP_ANALYSIS = YES;
				CLANG_WARN_STRICT_PROTOTYPES = YES;
				CLANG_WARN_SUSPICIOUS_MOVE = YES;
				CLANG_WARN_UNGUARDED_AVAILABILITY = YES_AGGRESSIVE;
				CLANG_WARN_UNREACHABLE_CODE = YES;
				CLANG_WARN__DUPLICATE_METHOD_MATCH = YES;
				COPY_PHASE_STRIP = NO;
				DEBUG_INFORMATION_FORMAT = dwarf;
				ENABLE_STRICT_OBJC_MSGSEND = YES;
				ENABLE_TESTABILITY = YES;
				GCC_C_LANGUAGE_STANDARD = gnu11;
				GCC_DYNAMIC_NO_PIC = NO;
				GCC_NO_COMMON_BLOCKS = YES;
				GCC_OPTIMIZATION_LEVEL = 0;
				GCC_PREPROCESSOR_DEFINITIONS = (
					"DEBUG=1",
					"$(inherited)",
				);
				GCC_WARN_64_TO_32_BIT_CONVERSION = YES;
				GCC_WARN_ABOUT_RETURN_TYPE = YES_ERROR;
				GCC_WARN_UNDECLARED_SELECTOR = YES;
				GCC_WARN_UNINITIALIZED_AUTOS = YES_AGGRESSIVE;
				GCC_WARN_UNUSED_FUNCTION = YES;
				GCC_WARN_UNUSED_VARIABLE = YES;
				IPHONEOS_DEPLOYMENT_TARGET = 14.4;
				MTL_ENABLE_DEBUG_INFO = INCLUDE_SOURCE;
				MTL_FAST_MATH = YES;
				ONLY_ACTIVE_ARCH = YES;
				SDKROOT = iphoneos;
				SWIFT_ACTIVE_COMPILATION_CONDITIONS = DEBUG;
				SWIFT_OPTIMIZATION_LEVEL = "-Onone";
			};
			name = Debug;
		};
		7DC1AF3A25C9D4CF00E099A0 /* Release */ = {
			isa = XCBuildConfiguration;
			buildSettings = {
				ALWAYS_SEARCH_USER_PATHS = NO;
				CLANG_ANALYZER_NONNULL = YES;
				CLANG_ANALYZER_NUMBER_OBJECT_CONVERSION = YES_AGGRESSIVE;
				CLANG_CXX_LANGUAGE_STANDARD = "gnu++14";
				CLANG_CXX_LIBRARY = "libc++";
				CLANG_ENABLE_MODULES = YES;
				CLANG_ENABLE_OBJC_ARC = YES;
				CLANG_ENABLE_OBJC_WEAK = YES;
				CLANG_WARN_BLOCK_CAPTURE_AUTORELEASING = YES;
				CLANG_WARN_BOOL_CONVERSION = YES;
				CLANG_WARN_COMMA = YES;
				CLANG_WARN_CONSTANT_CONVERSION = YES;
				CLANG_WARN_DEPRECATED_OBJC_IMPLEMENTATIONS = YES;
				CLANG_WARN_DIRECT_OBJC_ISA_USAGE = YES_ERROR;
				CLANG_WARN_DOCUMENTATION_COMMENTS = YES;
				CLANG_WARN_EMPTY_BODY = YES;
				CLANG_WARN_ENUM_CONVERSION = YES;
				CLANG_WARN_INFINITE_RECURSION = YES;
				CLANG_WARN_INT_CONVERSION = YES;
				CLANG_WARN_NON_LITERAL_NULL_CONVERSION = YES;
				CLANG_WARN_OBJC_IMPLICIT_RETAIN_SELF = YES;
				CLANG_WARN_OBJC_LITERAL_CONVERSION = YES;
				CLANG_WARN_OBJC_ROOT_CLASS = YES_ERROR;
				CLANG_WARN_QUOTED_INCLUDE_IN_FRAMEWORK_HEADER = YES;
				CLANG_WARN_RANGE_LOOP_ANALYSIS = YES;
				CLANG_WARN_STRICT_PROTOTYPES = YES;
				CLANG_WARN_SUSPICIOUS_MOVE = YES;
				CLANG_WARN_UNGUARDED_AVAILABILITY = YES_AGGRESSIVE;
				CLANG_WARN_UNREACHABLE_CODE = YES;
				CLANG_WARN__DUPLICATE_METHOD_MATCH = YES;
				COPY_PHASE_STRIP = NO;
				DEBUG_INFORMATION_FORMAT = "dwarf-with-dsym";
				ENABLE_NS_ASSERTIONS = NO;
				ENABLE_STRICT_OBJC_MSGSEND = YES;
				GCC_C_LANGUAGE_STANDARD = gnu11;
				GCC_NO_COMMON_BLOCKS = YES;
				GCC_WARN_64_TO_32_BIT_CONVERSION = YES;
				GCC_WARN_ABOUT_RETURN_TYPE = YES_ERROR;
				GCC_WARN_UNDECLARED_SELECTOR = YES;
				GCC_WARN_UNINITIALIZED_AUTOS = YES_AGGRESSIVE;
				GCC_WARN_UNUSED_FUNCTION = YES;
				GCC_WARN_UNUSED_VARIABLE = YES;
				IPHONEOS_DEPLOYMENT_TARGET = 14.4;
				MTL_ENABLE_DEBUG_INFO = NO;
				MTL_FAST_MATH = YES;
				SDKROOT = iphoneos;
				SWIFT_COMPILATION_MODE = wholemodule;
				SWIFT_OPTIMIZATION_LEVEL = "-O";
				VALIDATE_PRODUCT = YES;
			};
			name = Release;
		};
		7DC1AF3C25C9D4CF00E099A0 /* Debug */ = {
			isa = XCBuildConfiguration;
			buildSettings = {
				ASSETCATALOG_COMPILER_APPICON_NAME = AppIcon;
				ASSETCATALOG_COMPILER_GLOBAL_ACCENT_COLOR_NAME = AccentColor;
				CODE_SIGN_STYLE = Automatic;
				DEVELOPMENT_TEAM = Q9CC3ZM8WM;
				INFOPLIST_FILE = MoneyTrackingApplication/Plists/Info.plist;
				LD_RUNPATH_SEARCH_PATHS = (
					"$(inherited)",
					"@executable_path/Frameworks",
				);
				PRODUCT_BUNDLE_IDENTIFIER = test.MoneyTrackingApplication;
				PRODUCT_NAME = "$(TARGET_NAME)";
				SWIFT_VERSION = 5.0;
				TARGETED_DEVICE_FAMILY = "1,2";
			};
			name = Debug;
		};
		7DC1AF3D25C9D4CF00E099A0 /* Release */ = {
			isa = XCBuildConfiguration;
			buildSettings = {
				ASSETCATALOG_COMPILER_APPICON_NAME = AppIcon;
				ASSETCATALOG_COMPILER_GLOBAL_ACCENT_COLOR_NAME = AccentColor;
				CODE_SIGN_STYLE = Automatic;
				DEVELOPMENT_TEAM = Q9CC3ZM8WM;
				INFOPLIST_FILE = MoneyTrackingApplication/Plists/Info.plist;
				LD_RUNPATH_SEARCH_PATHS = (
					"$(inherited)",
					"@executable_path/Frameworks",
				);
				PRODUCT_BUNDLE_IDENTIFIER = test.MoneyTrackingApplication;
				PRODUCT_NAME = "$(TARGET_NAME)";
				SWIFT_VERSION = 5.0;
				TARGETED_DEVICE_FAMILY = "1,2";
			};
			name = Release;
		};
/* End XCBuildConfiguration section */

/* Begin XCConfigurationList section */
		7DC1AF2225C9D4CE00E099A0 /* Build configuration list for PBXProject "MoneyTrackingApplication" */ = {
			isa = XCConfigurationList;
			buildConfigurations = (
				7DC1AF3925C9D4CF00E099A0 /* Debug */,
				7DC1AF3A25C9D4CF00E099A0 /* Release */,
			);
			defaultConfigurationIsVisible = 0;
			defaultConfigurationName = Release;
		};
		7DC1AF3B25C9D4CF00E099A0 /* Build configuration list for PBXNativeTarget "MoneyTrackingApplication" */ = {
			isa = XCConfigurationList;
			buildConfigurations = (
				7DC1AF3C25C9D4CF00E099A0 /* Debug */,
				7DC1AF3D25C9D4CF00E099A0 /* Release */,
			);
			defaultConfigurationIsVisible = 0;
			defaultConfigurationName = Release;
		};
/* End XCConfigurationList section */
	};
	rootObject = 7DC1AF1F25C9D4CE00E099A0 /* Project object */;
}
